// !$*UTF8*$!
{
	archiveVersion = 1;
	classes = {
	};
	objectVersion = 51;
	objects = {

/* Begin PBXBuildFile section */
		0BE1A9EA21476585DEA380CA /* Pods_Messager.framework in Frameworks */ = {isa = PBXBuildFile; fileRef = 31EF2ED1C687E32ECACC54A4 /* Pods_Messager.framework */; };
		7F280C2425E760260098F630 /* AppDelegate.swift in Sources */ = {isa = PBXBuildFile; fileRef = 7F280C2325E760260098F630 /* AppDelegate.swift */; };
		7F280C2625E760260098F630 /* SceneDelegate.swift in Sources */ = {isa = PBXBuildFile; fileRef = 7F280C2525E760260098F630 /* SceneDelegate.swift */; };
		7F280C2825E760260098F630 /* LoginViewController.swift in Sources */ = {isa = PBXBuildFile; fileRef = 7F280C2725E760260098F630 /* LoginViewController.swift */; };
		7F280C2B25E760260098F630 /* Main.storyboard in Resources */ = {isa = PBXBuildFile; fileRef = 7F280C2925E760260098F630 /* Main.storyboard */; };
		7F280C2D25E760290098F630 /* Assets.xcassets in Resources */ = {isa = PBXBuildFile; fileRef = 7F280C2C25E760290098F630 /* Assets.xcassets */; };
		7F280C3025E760290098F630 /* LaunchScreen.storyboard in Resources */ = {isa = PBXBuildFile; fileRef = 7F280C2E25E760290098F630 /* LaunchScreen.storyboard */; };
		7F575BCD25E76B5B00E5A20D /* GoogleService-Info.plist in Resources */ = {isa = PBXBuildFile; fileRef = 7F575BCC25E76B5B00E5A20D /* GoogleService-Info.plist */; };
		7F65AE5E25FC443700D4B008 /* Status.swift in Sources */ = {isa = PBXBuildFile; fileRef = 7F65AE5D25FC443700D4B008 /* Status.swift */; };
		7F65AE6025FC4A3500D4B008 /* StatusTableViewController.swift in Sources */ = {isa = PBXBuildFile; fileRef = 7F65AE5F25FC4A3500D4B008 /* StatusTableViewController.swift */; };
		7F83448D25EC28DF00F6E654 /* Constants.swift in Sources */ = {isa = PBXBuildFile; fileRef = 7F83448C25EC28DF00F6E654 /* Constants.swift */; };
		7F83448F25EC29E000F6E654 /* FCollectionReference.swift in Sources */ = {isa = PBXBuildFile; fileRef = 7F83448E25EC29E000F6E654 /* FCollectionReference.swift */; };
		7F83449225EC2B8B00F6E654 /* FirebaseUserListener.swift in Sources */ = {isa = PBXBuildFile; fileRef = 7F83449125EC2B8B00F6E654 /* FirebaseUserListener.swift */; };
		7F96414325F838AF007072C7 /* EditProfileTableViewController.swift in Sources */ = {isa = PBXBuildFile; fileRef = 7F96414225F838AF007072C7 /* EditProfileTableViewController.swift */; };
		7F96414525F87E6E007072C7 /* FileStorage.swift in Sources */ = {isa = PBXBuildFile; fileRef = 7F96414425F87E6E007072C7 /* FileStorage.swift */; };
		7F96414725F9AC61007072C7 /* GlobalFuncations.swift in Sources */ = {isa = PBXBuildFile; fileRef = 7F96414625F9AC61007072C7 /* GlobalFuncations.swift */; };
		7F96414925F9C414007072C7 /* Extensions.swift in Sources */ = {isa = PBXBuildFile; fileRef = 7F96414825F9C414007072C7 /* Extensions.swift */; };
		7FBDBECE25F0530200FB3865 /* SettingsTableViewController.swift in Sources */ = {isa = PBXBuildFile; fileRef = 7FBDBECD25F0530200FB3865 /* SettingsTableViewController.swift */; };
		7FEE8E4325EC20290027AAF6 /* User.swift in Sources */ = {isa = PBXBuildFile; fileRef = 7FEE8E4225EC20290027AAF6 /* User.swift */; };
/* End PBXBuildFile section */

/* Begin PBXFileReference section */
		31EF2ED1C687E32ECACC54A4 /* Pods_Messager.framework */ = {isa = PBXFileReference; explicitFileType = wrapper.framework; includeInIndex = 0; path = Pods_Messager.framework; sourceTree = BUILT_PRODUCTS_DIR; };
		7F280C2025E760260098F630 /* Messager.app */ = {isa = PBXFileReference; explicitFileType = wrapper.application; includeInIndex = 0; path = Messager.app; sourceTree = BUILT_PRODUCTS_DIR; };
		7F280C2325E760260098F630 /* AppDelegate.swift */ = {isa = PBXFileReference; lastKnownFileType = sourcecode.swift; path = AppDelegate.swift; sourceTree = "<group>"; };
		7F280C2525E760260098F630 /* SceneDelegate.swift */ = {isa = PBXFileReference; lastKnownFileType = sourcecode.swift; path = SceneDelegate.swift; sourceTree = "<group>"; };
		7F280C2725E760260098F630 /* LoginViewController.swift */ = {isa = PBXFileReference; lastKnownFileType = sourcecode.swift; path = LoginViewController.swift; sourceTree = "<group>"; };
		7F280C2A25E760260098F630 /* Base */ = {isa = PBXFileReference; lastKnownFileType = file.storyboard; name = Base; path = Base.lproj/Main.storyboard; sourceTree = "<group>"; };
		7F280C2C25E760290098F630 /* Assets.xcassets */ = {isa = PBXFileReference; lastKnownFileType = folder.assetcatalog; path = Assets.xcassets; sourceTree = "<group>"; };
		7F280C2F25E760290098F630 /* Base */ = {isa = PBXFileReference; lastKnownFileType = file.storyboard; name = Base; path = Base.lproj/LaunchScreen.storyboard; sourceTree = "<group>"; };
		7F280C3125E760290098F630 /* Info.plist */ = {isa = PBXFileReference; lastKnownFileType = text.plist.xml; path = Info.plist; sourceTree = "<group>"; };
		7F575BCC25E76B5B00E5A20D /* GoogleService-Info.plist */ = {isa = PBXFileReference; fileEncoding = 4; lastKnownFileType = text.plist.xml; path = "GoogleService-Info.plist"; sourceTree = "<group>"; };
		7F65AE5D25FC443700D4B008 /* Status.swift */ = {isa = PBXFileReference; lastKnownFileType = sourcecode.swift; path = Status.swift; sourceTree = "<group>"; };
		7F65AE5F25FC4A3500D4B008 /* StatusTableViewController.swift */ = {isa = PBXFileReference; lastKnownFileType = sourcecode.swift; path = StatusTableViewController.swift; sourceTree = "<group>"; };
		7F83448C25EC28DF00F6E654 /* Constants.swift */ = {isa = PBXFileReference; lastKnownFileType = sourcecode.swift; path = Constants.swift; sourceTree = "<group>"; };
		7F83448E25EC29E000F6E654 /* FCollectionReference.swift */ = {isa = PBXFileReference; lastKnownFileType = sourcecode.swift; path = FCollectionReference.swift; sourceTree = "<group>"; };
		7F83449125EC2B8B00F6E654 /* FirebaseUserListener.swift */ = {isa = PBXFileReference; lastKnownFileType = sourcecode.swift; path = FirebaseUserListener.swift; sourceTree = "<group>"; };
		7F96414225F838AF007072C7 /* EditProfileTableViewController.swift */ = {isa = PBXFileReference; lastKnownFileType = sourcecode.swift; path = EditProfileTableViewController.swift; sourceTree = "<group>"; };
		7F96414425F87E6E007072C7 /* FileStorage.swift */ = {isa = PBXFileReference; lastKnownFileType = sourcecode.swift; path = FileStorage.swift; sourceTree = "<group>"; };
		7F96414625F9AC61007072C7 /* GlobalFuncations.swift */ = {isa = PBXFileReference; lastKnownFileType = sourcecode.swift; path = GlobalFuncations.swift; sourceTree = "<group>"; };
		7F96414825F9C414007072C7 /* Extensions.swift */ = {isa = PBXFileReference; lastKnownFileType = sourcecode.swift; path = Extensions.swift; sourceTree = "<group>"; };
		7FBDBECD25F0530200FB3865 /* SettingsTableViewController.swift */ = {isa = PBXFileReference; lastKnownFileType = sourcecode.swift; path = SettingsTableViewController.swift; sourceTree = "<group>"; };
		7FEE8E4225EC20290027AAF6 /* User.swift */ = {isa = PBXFileReference; lastKnownFileType = sourcecode.swift; path = User.swift; sourceTree = "<group>"; };
		A758CCBCD6DCA8F97901896E /* Pods-Messager.release.xcconfig */ = {isa = PBXFileReference; includeInIndex = 1; lastKnownFileType = text.xcconfig; name = "Pods-Messager.release.xcconfig"; path = "Target Support Files/Pods-Messager/Pods-Messager.release.xcconfig"; sourceTree = "<group>"; };
		E5239B314AA59E9EF6BBEB39 /* Pods-Messager.debug.xcconfig */ = {isa = PBXFileReference; includeInIndex = 1; lastKnownFileType = text.xcconfig; name = "Pods-Messager.debug.xcconfig"; path = "Target Support Files/Pods-Messager/Pods-Messager.debug.xcconfig"; sourceTree = "<group>"; };
/* End PBXFileReference section */

/* Begin PBXFrameworksBuildPhase section */
		7F280C1D25E760260098F630 /* Frameworks */ = {
			isa = PBXFrameworksBuildPhase;
			buildActionMask = 2147483647;
			files = (
				0BE1A9EA21476585DEA380CA /* Pods_Messager.framework in Frameworks */,
			);
			runOnlyForDeploymentPostprocessing = 0;
		};
/* End PBXFrameworksBuildPhase section */

/* Begin PBXGroup section */
		37A34EEF12EA786A6D7CFA99 /* Pods */ = {
			isa = PBXGroup;
			children = (
				E5239B314AA59E9EF6BBEB39 /* Pods-Messager.debug.xcconfig */,
				A758CCBCD6DCA8F97901896E /* Pods-Messager.release.xcconfig */,
			);
			path = Pods;
			sourceTree = "<group>";
		};
		7F280C1725E760260098F630 = {
			isa = PBXGroup;
			children = (
				7F280C2225E760260098F630 /* Messager */,
				7F280C2125E760260098F630 /* Products */,
				37A34EEF12EA786A6D7CFA99 /* Pods */,
				E4E5D2D8B3A8EF33D706D180 /* Frameworks */,
			);
			sourceTree = "<group>";
		};
		7F280C2125E760260098F630 /* Products */ = {
			isa = PBXGroup;
			children = (
				7F280C2025E760260098F630 /* Messager.app */,
			);
			name = Products;
			sourceTree = "<group>";
		};
		7F280C2225E760260098F630 /* Messager */ = {
			isa = PBXGroup;
			children = (
				7F280C2325E760260098F630 /* AppDelegate.swift */,
				7F280C2525E760260098F630 /* SceneDelegate.swift */,
				7F280C2725E760260098F630 /* LoginViewController.swift */,
				7FBDBECD25F0530200FB3865 /* SettingsTableViewController.swift */,
				7F280C2925E760260098F630 /* Main.storyboard */,
				7F96414225F838AF007072C7 /* EditProfileTableViewController.swift */,
				7F65AE5F25FC4A3500D4B008 /* StatusTableViewController.swift */,
				7F83449025EC2B2600F6E654 /* FirebaseHelpers */,
				7F83449325EC6EC200F6E654 /* Helper */,
				7FEE8E4525EC20450027AAF6 /* Model */,
				7F280C2C25E760290098F630 /* Assets.xcassets */,
				7F280C2E25E760290098F630 /* LaunchScreen.storyboard */,
				7F280C3125E760290098F630 /* Info.plist */,
				7F575BCC25E76B5B00E5A20D /* GoogleService-Info.plist */,
			);
			path = Messager;
			sourceTree = "<group>";
		};
		7F83449025EC2B2600F6E654 /* FirebaseHelpers */ = {
			isa = PBXGroup;
			children = (
				7F83448E25EC29E000F6E654 /* FCollectionReference.swift */,
				7F83449125EC2B8B00F6E654 /* FirebaseUserListener.swift */,
				7F96414425F87E6E007072C7 /* FileStorage.swift */,
			);
			path = FirebaseHelpers;
			sourceTree = "<group>";
		};
		7F83449325EC6EC200F6E654 /* Helper */ = {
			isa = PBXGroup;
			children = (
				7F83448C25EC28DF00F6E654 /* Constants.swift */,
				7F96414825F9C414007072C7 /* Extensions.swift */,
				7F96414625F9AC61007072C7 /* GlobalFuncations.swift */,
			);
			path = Helper;
			sourceTree = "<group>";
		};
		7FEE8E4525EC20450027AAF6 /* Model */ = {
			isa = PBXGroup;
			children = (
				7FEE8E4225EC20290027AAF6 /* User.swift */,
				7F65AE5D25FC443700D4B008 /* Status.swift */,
			);
			path = Model;
			sourceTree = "<group>";
		};
		E4E5D2D8B3A8EF33D706D180 /* Frameworks */ = {
			isa = PBXGroup;
			children = (
				31EF2ED1C687E32ECACC54A4 /* Pods_Messager.framework */,
			);
			name = Frameworks;
			sourceTree = "<group>";
		};
/* End PBXGroup section */

/* Begin PBXNativeTarget section */
		7F280C1F25E760260098F630 /* Messager */ = {
			isa = PBXNativeTarget;
			buildConfigurationList = 7F280C3425E760290098F630 /* Build configuration list for PBXNativeTarget "Messager" */;
			buildPhases = (
				7831378B9A9015B09FCC517E /* [CP] Check Pods Manifest.lock */,
				7F280C1C25E760260098F630 /* Sources */,
				7F280C1D25E760260098F630 /* Frameworks */,
				7F280C1E25E760260098F630 /* Resources */,
				12B0BE3FE4ED72C134E52C7F /* [CP] Embed Pods Frameworks */,
			);
			buildRules = (
			);
			dependencies = (
			);
			name = Messager;
			productName = Messager;
			productReference = 7F280C2025E760260098F630 /* Messager.app */;
			productType = "com.apple.product-type.application";
		};
/* End PBXNativeTarget section */

/* Begin PBXProject section */
		7F280C1825E760260098F630 /* Project object */ = {
			isa = PBXProject;
			attributes = {
				LastSwiftUpdateCheck = 1130;
				LastUpgradeCheck = 1130;
				ORGANIZATIONNAME = com.wchb;
				TargetAttributes = {
					7F280C1F25E760260098F630 = {
						CreatedOnToolsVersion = 11.3.1;
					};
				};
			};
			buildConfigurationList = 7F280C1B25E760260098F630 /* Build configuration list for PBXProject "Messager" */;
			compatibilityVersion = "Xcode 9.3";
			developmentRegion = en;
			hasScannedForEncodings = 0;
			knownRegions = (
				en,
				Base,
			);
			mainGroup = 7F280C1725E760260098F630;
			productRefGroup = 7F280C2125E760260098F630 /* Products */;
			projectDirPath = "";
			projectRoot = "";
			targets = (
				7F280C1F25E760260098F630 /* Messager */,
			);
		};
/* End PBXProject section */

/* Begin PBXResourcesBuildPhase section */
		7F280C1E25E760260098F630 /* Resources */ = {
			isa = PBXResourcesBuildPhase;
			buildActionMask = 2147483647;
			files = (
				7F280C3025E760290098F630 /* LaunchScreen.storyboard in Resources */,
				7F575BCD25E76B5B00E5A20D /* GoogleService-Info.plist in Resources */,
				7F280C2D25E760290098F630 /* Assets.xcassets in Resources */,
				7F280C2B25E760260098F630 /* Main.storyboard in Resources */,
			);
			runOnlyForDeploymentPostprocessing = 0;
		};
/* End PBXResourcesBuildPhase section */

/* Begin PBXShellScriptBuildPhase section */
		12B0BE3FE4ED72C134E52C7F /* [CP] Embed Pods Frameworks */ = {
			isa = PBXShellScriptBuildPhase;
			buildActionMask = 2147483647;
			files = (
			);
			inputFileListPaths = (
				"${PODS_ROOT}/Target Support Files/Pods-Messager/Pods-Messager-frameworks-${CONFIGURATION}-input-files.xcfilelist",
			);
			name = "[CP] Embed Pods Frameworks";
			outputFileListPaths = (
				"${PODS_ROOT}/Target Support Files/Pods-Messager/Pods-Messager-frameworks-${CONFIGURATION}-output-files.xcfilelist",
			);
			runOnlyForDeploymentPostprocessing = 0;
			shellPath = /bin/sh;
			shellScript = "\"${PODS_ROOT}/Target Support Files/Pods-Messager/Pods-Messager-frameworks.sh\"\n";
			showEnvVarsInLog = 0;
		};
		7831378B9A9015B09FCC517E /* [CP] Check Pods Manifest.lock */ = {
			isa = PBXShellScriptBuildPhase;
			buildActionMask = 2147483647;
			files = (
			);
			inputFileListPaths = (
			);
			inputPaths = (
				"${PODS_PODFILE_DIR_PATH}/Podfile.lock",
				"${PODS_ROOT}/Manifest.lock",
			);
			name = "[CP] Check Pods Manifest.lock";
			outputFileListPaths = (
			);
			outputPaths = (
				"$(DERIVED_FILE_DIR)/Pods-Messager-checkManifestLockResult.txt",
			);
			runOnlyForDeploymentPostprocessing = 0;
			shellPath = /bin/sh;
			shellScript = "diff \"${PODS_PODFILE_DIR_PATH}/Podfile.lock\" \"${PODS_ROOT}/Manifest.lock\" > /dev/null\nif [ $? != 0 ] ; then\n    # print error to STDERR\n    echo \"error: The sandbox is not in sync with the Podfile.lock. Run 'pod install' or update your CocoaPods installation.\" >&2\n    exit 1\nfi\n# This output is used by Xcode 'outputs' to avoid re-running this script phase.\necho \"SUCCESS\" > \"${SCRIPT_OUTPUT_FILE_0}\"\n";
			showEnvVarsInLog = 0;
		};
/* End PBXShellScriptBuildPhase section */

/* Begin PBXSourcesBuildPhase section */
		7F280C1C25E760260098F630 /* Sources */ = {
			isa = PBXSourcesBuildPhase;
			buildActionMask = 2147483647;
			files = (
				7F83448F25EC29E000F6E654 /* FCollectionReference.swift in Sources */,
				7F96414525F87E6E007072C7 /* FileStorage.swift in Sources */,
				7F83448D25EC28DF00F6E654 /* Constants.swift in Sources */,
				7FEE8E4325EC20290027AAF6 /* User.swift in Sources */,
				7F280C2825E760260098F630 /* LoginViewController.swift in Sources */,
				7FBDBECE25F0530200FB3865 /* SettingsTableViewController.swift in Sources */,
				7F96414725F9AC61007072C7 /* GlobalFuncations.swift in Sources */,
				7F96414925F9C414007072C7 /* Extensions.swift in Sources */,
				7F96414325F838AF007072C7 /* EditProfileTableViewController.swift in Sources */,
				7F65AE6025FC4A3500D4B008 /* StatusTableViewController.swift in Sources */,
				7F65AE5E25FC443700D4B008 /* Status.swift in Sources */,
				7F280C2425E760260098F630 /* AppDelegate.swift in Sources */,
				7F83449225EC2B8B00F6E654 /* FirebaseUserListener.swift in Sources */,
				7F280C2625E760260098F630 /* SceneDelegate.swift in Sources */,
			);
			runOnlyForDeploymentPostprocessing = 0;
		};
/* End PBXSourcesBuildPhase section */

/* Begin PBXVariantGroup section */
		7F280C2925E760260098F630 /* Main.storyboard */ = {
			isa = PBXVariantGroup;
			children = (
				7F280C2A25E760260098F630 /* Base */,
			);
			name = Main.storyboard;
			sourceTree = "<group>";
		};
		7F280C2E25E760290098F630 /* LaunchScreen.storyboard */ = {
			isa = PBXVariantGroup;
			children = (
				7F280C2F25E760290098F630 /* Base */,
			);
			name = LaunchScreen.storyboard;
			sourceTree = "<group>";
		};
/* End PBXVariantGroup section */

/* Begin XCBuildConfiguration section */
		7F280C3225E760290098F630 /* Debug */ = {
			isa = XCBuildConfiguration;
			buildSettings = {
				ALWAYS_SEARCH_USER_PATHS = NO;
				CLANG_ANALYZER_NONNULL = YES;
				CLANG_ANALYZER_NUMBER_OBJECT_CONVERSION = YES_AGGRESSIVE;
				CLANG_CXX_LANGUAGE_STANDARD = "gnu++14";
				CLANG_CXX_LIBRARY = "libc++";
				CLANG_ENABLE_MODULES = YES;
				CLANG_ENABLE_OBJC_ARC = YES;
				CLANG_ENABLE_OBJC_WEAK = YES;
				CLANG_WARN_BLOCK_CAPTURE_AUTORELEASING = YES;
				CLANG_WARN_BOOL_CONVERSION = YES;
				CLANG_WARN_COMMA = YES;
				CLANG_WARN_CONSTANT_CONVERSION = YES;
				CLANG_WARN_DEPRECATED_OBJC_IMPLEMENTATIONS = YES;
				CLANG_WARN_DIRECT_OBJC_ISA_USAGE = YES_ERROR;
				CLANG_WARN_DOCUMENTATION_COMMENTS = YES;
				CLANG_WARN_EMPTY_BODY = YES;
				CLANG_WARN_ENUM_CONVERSION = YES;
				CLANG_WARN_INFINITE_RECURSION = YES;
				CLANG_WARN_INT_CONVERSION = YES;
				CLANG_WARN_NON_LITERAL_NULL_CONVERSION = YES;
				CLANG_WARN_OBJC_IMPLICIT_RETAIN_SELF = YES;
				CLANG_WARN_OBJC_LITERAL_CONVERSION = YES;
				CLANG_WARN_OBJC_ROOT_CLASS = YES_ERROR;
				CLANG_WARN_RANGE_LOOP_ANALYSIS = YES;
				CLANG_WARN_STRICT_PROTOTYPES = YES;
				CLANG_WARN_SUSPICIOUS_MOVE = YES;
				CLANG_WARN_UNGUARDED_AVAILABILITY = YES_AGGRESSIVE;
				CLANG_WARN_UNREACHABLE_CODE = YES;
				CLANG_WARN__DUPLICATE_METHOD_MATCH = YES;
				COPY_PHASE_STRIP = NO;
				DEBUG_INFORMATION_FORMAT = dwarf;
				ENABLE_STRICT_OBJC_MSGSEND = YES;
				ENABLE_TESTABILITY = YES;
				GCC_C_LANGUAGE_STANDARD = gnu11;
				GCC_DYNAMIC_NO_PIC = NO;
				GCC_NO_COMMON_BLOCKS = YES;
				GCC_OPTIMIZATION_LEVEL = 0;
				GCC_PREPROCESSOR_DEFINITIONS = (
					"DEBUG=1",
					"$(inherited)",
				);
				GCC_WARN_64_TO_32_BIT_CONVERSION = YES;
				GCC_WARN_ABOUT_RETURN_TYPE = YES_ERROR;
				GCC_WARN_UNDECLARED_SELECTOR = YES;
				GCC_WARN_UNINITIALIZED_AUTOS = YES_AGGRESSIVE;
				GCC_WARN_UNUSED_FUNCTION = YES;
				GCC_WARN_UNUSED_VARIABLE = YES;
				IPHONEOS_DEPLOYMENT_TARGET = 13.2;
				MTL_ENABLE_DEBUG_INFO = INCLUDE_SOURCE;
				MTL_FAST_MATH = YES;
				ONLY_ACTIVE_ARCH = YES;
				SDKROOT = iphoneos;
				SWIFT_ACTIVE_COMPILATION_CONDITIONS = DEBUG;
				SWIFT_OPTIMIZATION_LEVEL = "-Onone";
			};
			name = Debug;
		};
		7F280C3325E760290098F630 /* Release */ = {
			isa = XCBuildConfiguration;
			buildSettings = {
				ALWAYS_SEARCH_USER_PATHS = NO;
				CLANG_ANALYZER_NONNULL = YES;
				CLANG_ANALYZER_NUMBER_OBJECT_CONVERSION = YES_AGGRESSIVE;
				CLANG_CXX_LANGUAGE_STANDARD = "gnu++14";
				CLANG_CXX_LIBRARY = "libc++";
				CLANG_ENABLE_MODULES = YES;
				CLANG_ENABLE_OBJC_ARC = YES;
				CLANG_ENABLE_OBJC_WEAK = YES;
				CLANG_WARN_BLOCK_CAPTURE_AUTORELEASING = YES;
				CLANG_WARN_BOOL_CONVERSION = YES;
				CLANG_WARN_COMMA = YES;
				CLANG_WARN_CONSTANT_CONVERSION = YES;
				CLANG_WARN_DEPRECATED_OBJC_IMPLEMENTATIONS = YES;
				CLANG_WARN_DIRECT_OBJC_ISA_USAGE = YES_ERROR;
				CLANG_WARN_DOCUMENTATION_COMMENTS = YES;
				CLANG_WARN_EMPTY_BODY = YES;
				CLANG_WARN_ENUM_CONVERSION = YES;
				CLANG_WARN_INFINITE_RECURSION = YES;
				CLANG_WARN_INT_CONVERSION = YES;
				CLANG_WARN_NON_LITERAL_NULL_CONVERSION = YES;
				CLANG_WARN_OBJC_IMPLICIT_RETAIN_SELF = YES;
				CLANG_WARN_OBJC_LITERAL_CONVERSION = YES;
				CLANG_WARN_OBJC_ROOT_CLASS = YES_ERROR;
				CLANG_WARN_RANGE_LOOP_ANALYSIS = YES;
				CLANG_WARN_STRICT_PROTOTYPES = YES;
				CLANG_WARN_SUSPICIOUS_MOVE = YES;
				CLANG_WARN_UNGUARDED_AVAILABILITY = YES_AGGRESSIVE;
				CLANG_WARN_UNREACHABLE_CODE = YES;
				CLANG_WARN__DUPLICATE_METHOD_MATCH = YES;
				COPY_PHASE_STRIP = NO;
				DEBUG_INFORMATION_FORMAT = "dwarf-with-dsym";
				ENABLE_NS_ASSERTIONS = NO;
				ENABLE_STRICT_OBJC_MSGSEND = YES;
				GCC_C_LANGUAGE_STANDARD = gnu11;
				GCC_NO_COMMON_BLOCKS = YES;
				GCC_WARN_64_TO_32_BIT_CONVERSION = YES;
				GCC_WARN_ABOUT_RETURN_TYPE = YES_ERROR;
				GCC_WARN_UNDECLARED_SELECTOR = YES;
				GCC_WARN_UNINITIALIZED_AUTOS = YES_AGGRESSIVE;
				GCC_WARN_UNUSED_FUNCTION = YES;
				GCC_WARN_UNUSED_VARIABLE = YES;
				IPHONEOS_DEPLOYMENT_TARGET = 13.2;
				MTL_ENABLE_DEBUG_INFO = NO;
				MTL_FAST_MATH = YES;
				SDKROOT = iphoneos;
				SWIFT_COMPILATION_MODE = wholemodule;
				SWIFT_OPTIMIZATION_LEVEL = "-O";
				VALIDATE_PRODUCT = YES;
			};
			name = Release;
		};
		7F280C3525E760290098F630 /* Debug */ = {
			isa = XCBuildConfiguration;
			baseConfigurationReference = E5239B314AA59E9EF6BBEB39 /* Pods-Messager.debug.xcconfig */;
			buildSettings = {
				ASSETCATALOG_COMPILER_APPICON_NAME = AppIcon;
				CODE_SIGN_STYLE = Automatic;
				INFOPLIST_FILE = Messager/Info.plist;
				LD_RUNPATH_SEARCH_PATHS = (
					"$(inherited)",
					"@executable_path/Frameworks",
				);
				PRODUCT_BUNDLE_IDENTIFIER = test.wchb.Messager;
				PRODUCT_NAME = "$(TARGET_NAME)";
				SWIFT_VERSION = 5.0;
				TARGETED_DEVICE_FAMILY = "1,2";
			};
			name = Debug;
		};
		7F280C3625E760290098F630 /* Release */ = {
			isa = XCBuildConfiguration;
			baseConfigurationReference = A758CCBCD6DCA8F97901896E /* Pods-Messager.release.xcconfig */;
			buildSettings = {
				ASSETCATALOG_COMPILER_APPICON_NAME = AppIcon;
				CODE_SIGN_STYLE = Automatic;
				INFOPLIST_FILE = Messager/Info.plist;
				LD_RUNPATH_SEARCH_PATHS = (
					"$(inherited)",
					"@executable_path/Frameworks",
				);
				PRODUCT_BUNDLE_IDENTIFIER = test.wchb.Messager;
				PRODUCT_NAME = "$(TARGET_NAME)";
				SWIFT_VERSION = 5.0;
				TARGETED_DEVICE_FAMILY = "1,2";
			};
			name = Release;
		};
/* End XCBuildConfiguration section */

/* Begin XCConfigurationList section */
		7F280C1B25E760260098F630 /* Build configuration list for PBXProject "Messager" */ = {
			isa = XCConfigurationList;
			buildConfigurations = (
				7F280C3225E760290098F630 /* Debug */,
				7F280C3325E760290098F630 /* Release */,
			);
			defaultConfigurationIsVisible = 0;
			defaultConfigurationName = Release;
		};
		7F280C3425E760290098F630 /* Build configuration list for PBXNativeTarget "Messager" */ = {
			isa = XCConfigurationList;
			buildConfigurations = (
				7F280C3525E760290098F630 /* Debug */,
				7F280C3625E760290098F630 /* Release */,
			);
			defaultConfigurationIsVisible = 0;
			defaultConfigurationName = Release;
		};
/* End XCConfigurationList section */
	};
	rootObject = 7F280C1825E760260098F630 /* Project object */;
}
